
Microsoft Visual Studio Solution File, Format Version 12.00
# Visual Studio Version 17
VisualStudioVersion = 17.9.34616.47
MinimumVisualStudioVersion = 10.0.40219.1
Project("{8BC9CEB8-8B4A-11D0-8D11-00A0C91BC942}") = "AnotherTest", "AnotherTest\AnotherTest.vcxproj", "{8BFC0B9E-DDB7-4F23-B1C4-8B75F8C1FCAD}"
EndProject
Project("{8BC9CEB8-8B4A-11D0-8D11-00A0C91BC942}") = "GameEngine", "GameEngine\GameEngine.vcxproj", "{5972F4AF-CCBD-4806-BC64-9E7B63B40A98}"
EndProject
Global
	GlobalSection(SolutionConfigurationPlatforms) = preSolution
		Debug|x64 = Debug|x64
		Release|x64 = Release|x64
	EndGlobalSection
	GlobalSection(ProjectConfigurationPlatforms) = postSolution
		{8BFC0B9E-DDB7-4F23-B1C4-8B75F8C1FCAD}.Debug|x64.ActiveCfg = Debug|x64
		{8BFC0B9E-DDB7-4F23-B1C4-8B75F8C1FCAD}.Debug|x64.Build.0 = Debug|x64
		{8BFC0B9E-DDB7-4F23-B1C4-8B75F8C1FCAD}.Release|x64.ActiveCfg = Release|x64
		{8BFC0B9E-DDB7-4F23-B1C4-8B75F8C1FCAD}.Release|x64.Build.0 = Release|x64
		{5972F4AF-CCBD-4806-BC64-9E7B63B40A98}.Debug|x64.ActiveCfg = Debug|x64
		{5972F4AF-CCBD-4806-BC64-9E7B63B40A98}.Debug|x64.Build.0 = Debug|x64
		{5972F4AF-CCBD-4806-BC64-9E7B63B40A98}.Release|x64.ActiveCfg = Release|x64
		{5972F4AF-CCBD-4806-BC64-9E7B63B40A98}.Release|x64.Build.0 = Release|x64
	EndGlobalSection
	GlobalSection(SolutionProperties) = preSolution
		HideSolutionNode = FALSE
	EndGlobalSection
	GlobalSection(ExtensibilityGlobals) = postSolution
		SolutionGuid = {5A20621E-561E-44F9-9386-410CBA577748}
	EndGlobalSection
EndGlobal
